# THIS IS AN AUTOGENERATED FILE. DO NOT EDIT THIS FILE DIRECTLY.
# yarn lockfile v1


react-native-google-maps-directions@^2.1.1:
  version "2.1.1"
  resolved "https://registry.yarnpkg.com/react-native-google-maps-directions/-/react-native-google-maps-directions-2.1.1.tgz#d27c38508174bd4009adebc1517eff852901c13b"
  integrity sha512-hsq2T3cJsZZ31akEq08nBCdRlYQ+o+07R7wTb9QclrTQHJRIKR78mI9lgizOpKm4NFSYUOxGtbL7LfhJw1OANQ==
